// !$*UTF8*$!
{
	archiveVersion = 1;
	classes = {
	};
	objectVersion = 48;
	objects = {

/* Begin PBXBuildFile section */
		18029BF01FA74A3E00BEB0BA /* Comment.swift in Sources */ = {isa = PBXBuildFile; fileRef = 18029BEF1FA74A3E00BEB0BA /* Comment.swift */; };
		18029BF21FA74BD500BEB0BA /* CommentCell.swift in Sources */ = {isa = PBXBuildFile; fileRef = 18029BF11FA74BD500BEB0BA /* CommentCell.swift */; };
		181BF6B41FA5414E001673DE /* DataService.swift in Sources */ = {isa = PBXBuildFile; fileRef = 181BF6B31FA5414E001673DE /* DataService.swift */; };
		183CCD781FA55A9900FD256F /* Post.swift in Sources */ = {isa = PBXBuildFile; fileRef = 183CCD771FA55A9900FD256F /* Post.swift */; };
		183DCEF11FA4DDBF00402CBA /* FeedVC.swift in Sources */ = {isa = PBXBuildFile; fileRef = 183DCEF01FA4DDBF00402CBA /* FeedVC.swift */; };
		183DCEF51FA4F35000402CBA /* CircleView.swift in Sources */ = {isa = PBXBuildFile; fileRef = 183DCEF41FA4F35000402CBA /* CircleView.swift */; };
		183E50831FA668F0000C95D7 /* User.swift in Sources */ = {isa = PBXBuildFile; fileRef = 183E50821FA668F0000C95D7 /* User.swift */; };
		183E50851FA66F47000C95D7 /* CommentVC.swift in Sources */ = {isa = PBXBuildFile; fileRef = 183E50841FA66F47000C95D7 /* CommentVC.swift */; };
		189681131FA629BD005801C4 /* Image.swift in Sources */ = {isa = PBXBuildFile; fileRef = 189681121FA629BD005801C4 /* Image.swift */; };
		189681151FA64D0A005801C4 /* ProfileVC.swift in Sources */ = {isa = PBXBuildFile; fileRef = 189681141FA64D0A005801C4 /* ProfileVC.swift */; };
		18C593FC1FA349F80036093C /* FancyView.swift in Sources */ = {isa = PBXBuildFile; fileRef = 18C593FB1FA349F80036093C /* FancyView.swift */; };
		18C593FF1FA34AB80036093C /* Constants.swift in Sources */ = {isa = PBXBuildFile; fileRef = 18C593FE1FA34AB80036093C /* Constants.swift */; };
		18C594011FA34D4D0036093C /* RoundBtn.swift in Sources */ = {isa = PBXBuildFile; fileRef = 18C594001FA34D4D0036093C /* RoundBtn.swift */; };
		18C594031FA34ECC0036093C /* FancyField.swift in Sources */ = {isa = PBXBuildFile; fileRef = 18C594021FA34ECC0036093C /* FancyField.swift */; };
		18C594051FA350130036093C /* FancyButton.swift in Sources */ = {isa = PBXBuildFile; fileRef = 18C594041FA350130036093C /* FancyButton.swift */; };
		18C594081FA35B730036093C /* Functions.swift in Sources */ = {isa = PBXBuildFile; fileRef = 18C594071FA35B730036093C /* Functions.swift */; };
		18E90AB21FA340DF00AAECB4 /* GoogleService-Info.plist in Resources */ = {isa = PBXBuildFile; fileRef = 18E90AB11FA340DF00AAECB4 /* GoogleService-Info.plist */; };
		18ED2CD91FA50A6A00FC6630 /* PostCell.swift in Sources */ = {isa = PBXBuildFile; fileRef = 18ED2CD81FA50A6A00FC6630 /* PostCell.swift */; };
		21CFCB051F8A71200032E371 /* AppDelegate.swift in Sources */ = {isa = PBXBuildFile; fileRef = 21CFCB041F8A71200032E371 /* AppDelegate.swift */; };
		21CFCB071F8A71200032E371 /* SignInVC.swift in Sources */ = {isa = PBXBuildFile; fileRef = 21CFCB061F8A71200032E371 /* SignInVC.swift */; };
		21CFCB0A1F8A71200032E371 /* Main.storyboard in Resources */ = {isa = PBXBuildFile; fileRef = 21CFCB081F8A71200032E371 /* Main.storyboard */; };
		21CFCB0C1F8A71200032E371 /* Assets.xcassets in Resources */ = {isa = PBXBuildFile; fileRef = 21CFCB0B1F8A71200032E371 /* Assets.xcassets */; };
		21CFCB0F1F8A71200032E371 /* LaunchScreen.storyboard in Resources */ = {isa = PBXBuildFile; fileRef = 21CFCB0D1F8A71200032E371 /* LaunchScreen.storyboard */; };
		7C00D0AB4A15229B62EE29B9 /* Pods_social.framework in Frameworks */ = {isa = PBXBuildFile; fileRef = 2A828A4711767811107FE239 /* Pods_social.framework */; };
/* End PBXBuildFile section */

/* Begin PBXFileReference section */
		18029BEF1FA74A3E00BEB0BA /* Comment.swift */ = {isa = PBXFileReference; lastKnownFileType = sourcecode.swift; path = Comment.swift; sourceTree = "<group>"; };
		18029BF11FA74BD500BEB0BA /* CommentCell.swift */ = {isa = PBXFileReference; lastKnownFileType = sourcecode.swift; path = CommentCell.swift; sourceTree = "<group>"; };
		181BF6B31FA5414E001673DE /* DataService.swift */ = {isa = PBXFileReference; lastKnownFileType = sourcecode.swift; path = DataService.swift; sourceTree = "<group>"; };
		183CCD771FA55A9900FD256F /* Post.swift */ = {isa = PBXFileReference; lastKnownFileType = sourcecode.swift; path = Post.swift; sourceTree = "<group>"; };
		183DCEF01FA4DDBF00402CBA /* FeedVC.swift */ = {isa = PBXFileReference; lastKnownFileType = sourcecode.swift; path = FeedVC.swift; sourceTree = "<group>"; };
		183DCEF41FA4F35000402CBA /* CircleView.swift */ = {isa = PBXFileReference; lastKnownFileType = sourcecode.swift; path = CircleView.swift; sourceTree = "<group>"; };
		183E50821FA668F0000C95D7 /* User.swift */ = {isa = PBXFileReference; lastKnownFileType = sourcecode.swift; path = User.swift; sourceTree = "<group>"; };
		183E50841FA66F47000C95D7 /* CommentVC.swift */ = {isa = PBXFileReference; lastKnownFileType = sourcecode.swift; path = CommentVC.swift; sourceTree = "<group>"; };
		189681121FA629BD005801C4 /* Image.swift */ = {isa = PBXFileReference; lastKnownFileType = sourcecode.swift; path = Image.swift; sourceTree = "<group>"; };
		189681141FA64D0A005801C4 /* ProfileVC.swift */ = {isa = PBXFileReference; lastKnownFileType = sourcecode.swift; path = ProfileVC.swift; sourceTree = "<group>"; };
		18C593FB1FA349F80036093C /* FancyView.swift */ = {isa = PBXFileReference; lastKnownFileType = sourcecode.swift; path = FancyView.swift; sourceTree = "<group>"; };
		18C593FE1FA34AB80036093C /* Constants.swift */ = {isa = PBXFileReference; lastKnownFileType = sourcecode.swift; path = Constants.swift; sourceTree = "<group>"; };
		18C594001FA34D4D0036093C /* RoundBtn.swift */ = {isa = PBXFileReference; lastKnownFileType = sourcecode.swift; path = RoundBtn.swift; sourceTree = "<group>"; };
		18C594021FA34ECC0036093C /* FancyField.swift */ = {isa = PBXFileReference; lastKnownFileType = sourcecode.swift; path = FancyField.swift; sourceTree = "<group>"; };
		18C594041FA350130036093C /* FancyButton.swift */ = {isa = PBXFileReference; lastKnownFileType = sourcecode.swift; path = FancyButton.swift; sourceTree = "<group>"; };
		18C594061FA3581B0036093C /* social.entitlements */ = {isa = PBXFileReference; lastKnownFileType = text.plist.entitlements; path = social.entitlements; sourceTree = "<group>"; };
		18C594071FA35B730036093C /* Functions.swift */ = {isa = PBXFileReference; lastKnownFileType = sourcecode.swift; path = Functions.swift; sourceTree = "<group>"; };
		18E90AB11FA340DF00AAECB4 /* GoogleService-Info.plist */ = {isa = PBXFileReference; fileEncoding = 4; lastKnownFileType = text.plist.xml; path = "GoogleService-Info.plist"; sourceTree = "<group>"; };
		18ED2CD81FA50A6A00FC6630 /* PostCell.swift */ = {isa = PBXFileReference; lastKnownFileType = sourcecode.swift; path = PostCell.swift; sourceTree = "<group>"; };
		21CFCB011F8A71200032E371 /* social.app */ = {isa = PBXFileReference; explicitFileType = wrapper.application; includeInIndex = 0; path = social.app; sourceTree = BUILT_PRODUCTS_DIR; };
		21CFCB041F8A71200032E371 /* AppDelegate.swift */ = {isa = PBXFileReference; lastKnownFileType = sourcecode.swift; path = AppDelegate.swift; sourceTree = "<group>"; };
		21CFCB061F8A71200032E371 /* SignInVC.swift */ = {isa = PBXFileReference; lastKnownFileType = sourcecode.swift; path = SignInVC.swift; sourceTree = "<group>"; };
		21CFCB091F8A71200032E371 /* Base */ = {isa = PBXFileReference; lastKnownFileType = file.storyboard; name = Base; path = Base.lproj/Main.storyboard; sourceTree = "<group>"; };
		21CFCB0B1F8A71200032E371 /* Assets.xcassets */ = {isa = PBXFileReference; lastKnownFileType = folder.assetcatalog; path = Assets.xcassets; sourceTree = "<group>"; };
		21CFCB0E1F8A71200032E371 /* Base */ = {isa = PBXFileReference; lastKnownFileType = file.storyboard; name = Base; path = Base.lproj/LaunchScreen.storyboard; sourceTree = "<group>"; };
		21CFCB101F8A71200032E371 /* Info.plist */ = {isa = PBXFileReference; lastKnownFileType = text.plist.xml; path = Info.plist; sourceTree = "<group>"; };
		2A828A4711767811107FE239 /* Pods_social.framework */ = {isa = PBXFileReference; explicitFileType = wrapper.framework; includeInIndex = 0; path = Pods_social.framework; sourceTree = BUILT_PRODUCTS_DIR; };
		3B4D9D898A7C2A52E578227F /* Pods-social.debug.xcconfig */ = {isa = PBXFileReference; includeInIndex = 1; lastKnownFileType = text.xcconfig; name = "Pods-social.debug.xcconfig"; path = "Pods/Target Support Files/Pods-social/Pods-social.debug.xcconfig"; sourceTree = "<group>"; };
		AEAA33B15BC56B44DDFBB6A7 /* Pods-social.release.xcconfig */ = {isa = PBXFileReference; includeInIndex = 1; lastKnownFileType = text.xcconfig; name = "Pods-social.release.xcconfig"; path = "Pods/Target Support Files/Pods-social/Pods-social.release.xcconfig"; sourceTree = "<group>"; };
/* End PBXFileReference section */

/* Begin PBXFrameworksBuildPhase section */
		21CFCAFE1F8A71200032E371 /* Frameworks */ = {
			isa = PBXFrameworksBuildPhase;
			buildActionMask = 2147483647;
			files = (
				7C00D0AB4A15229B62EE29B9 /* Pods_social.framework in Frameworks */,
			);
			runOnlyForDeploymentPostprocessing = 0;
		};
/* End PBXFrameworksBuildPhase section */

/* Begin PBXGroup section */
		181BF6B21FA54133001673DE /* Services */ = {
			isa = PBXGroup;
			children = (
				181BF6B31FA5414E001673DE /* DataService.swift */,
			);
			path = Services;
			sourceTree = "<group>";
		};
		18C593FD1FA34AA80036093C /* Util */ = {
			isa = PBXGroup;
			children = (
				18C593FE1FA34AB80036093C /* Constants.swift */,
				18C594071FA35B730036093C /* Functions.swift */,
			);
			path = Util;
			sourceTree = "<group>";
		};
		21921B8E1F8A773C002E4793 /* Model */ = {
			isa = PBXGroup;
			children = (
				183CCD771FA55A9900FD256F /* Post.swift */,
				189681121FA629BD005801C4 /* Image.swift */,
				183E50821FA668F0000C95D7 /* User.swift */,
				18029BEF1FA74A3E00BEB0BA /* Comment.swift */,
			);
			path = Model;
			sourceTree = "<group>";
		};
		21921B8F1F8A7744002E4793 /* Controller */ = {
			isa = PBXGroup;
			children = (
				21CFCB061F8A71200032E371 /* SignInVC.swift */,
				183DCEF01FA4DDBF00402CBA /* FeedVC.swift */,
				189681141FA64D0A005801C4 /* ProfileVC.swift */,
				183E50841FA66F47000C95D7 /* CommentVC.swift */,
			);
			path = Controller;
			sourceTree = "<group>";
		};
		21921B901F8A774A002E4793 /* View */ = {
			isa = PBXGroup;
			children = (
				18C593FB1FA349F80036093C /* FancyView.swift */,
				18C594001FA34D4D0036093C /* RoundBtn.swift */,
				18C594021FA34ECC0036093C /* FancyField.swift */,
				18C594041FA350130036093C /* FancyButton.swift */,
				183DCEF41FA4F35000402CBA /* CircleView.swift */,
				18ED2CD81FA50A6A00FC6630 /* PostCell.swift */,
				18029BF11FA74BD500BEB0BA /* CommentCell.swift */,
			);
			path = View;
			sourceTree = "<group>";
		};
		21CFCAF81F8A71200032E371 = {
			isa = PBXGroup;
			children = (
				21CFCB031F8A71200032E371 /* social */,
				21CFCB021F8A71200032E371 /* Products */,
				902EBCDFFA834A0C9B8DD470 /* Pods */,
				E6DBE482AC34E654B9684D48 /* Frameworks */,
			);
			sourceTree = "<group>";
		};
		21CFCB021F8A71200032E371 /* Products */ = {
			isa = PBXGroup;
			children = (
				21CFCB011F8A71200032E371 /* social.app */,
			);
			name = Products;
			sourceTree = "<group>";
		};
		21CFCB031F8A71200032E371 /* social */ = {
			isa = PBXGroup;
			children = (
				18C594061FA3581B0036093C /* social.entitlements */,
				181BF6B21FA54133001673DE /* Services */,
				18C593FD1FA34AA80036093C /* Util */,
				21921B8E1F8A773C002E4793 /* Model */,
				21921B901F8A774A002E4793 /* View */,
				21921B8F1F8A7744002E4793 /* Controller */,
				21CFCB041F8A71200032E371 /* AppDelegate.swift */,
				21CFCB081F8A71200032E371 /* Main.storyboard */,
				21CFCB0B1F8A71200032E371 /* Assets.xcassets */,
				21CFCB0D1F8A71200032E371 /* LaunchScreen.storyboard */,
				18E90AB11FA340DF00AAECB4 /* GoogleService-Info.plist */,
				21CFCB101F8A71200032E371 /* Info.plist */,
			);
			path = social;
			sourceTree = "<group>";
		};
		902EBCDFFA834A0C9B8DD470 /* Pods */ = {
			isa = PBXGroup;
			children = (
				3B4D9D898A7C2A52E578227F /* Pods-social.debug.xcconfig */,
				AEAA33B15BC56B44DDFBB6A7 /* Pods-social.release.xcconfig */,
			);
			name = Pods;
			sourceTree = "<group>";
		};
		E6DBE482AC34E654B9684D48 /* Frameworks */ = {
			isa = PBXGroup;
			children = (
				2A828A4711767811107FE239 /* Pods_social.framework */,
			);
			name = Frameworks;
			sourceTree = "<group>";
		};
/* End PBXGroup section */

/* Begin PBXNativeTarget section */
		21CFCB001F8A71200032E371 /* social */ = {
			isa = PBXNativeTarget;
			buildConfigurationList = 21CFCB131F8A71200032E371 /* Build configuration list for PBXNativeTarget "social" */;
			buildPhases = (
				E7B0F261F5ECBC587BCB9EBB /* [CP] Check Pods Manifest.lock */,
				21CFCAFD1F8A71200032E371 /* Sources */,
				21CFCAFE1F8A71200032E371 /* Frameworks */,
				21CFCAFF1F8A71200032E371 /* Resources */,
				A01C93E864DFFF3BD6AA8E73 /* [CP] Embed Pods Frameworks */,
				7EBC1A2FF1BE4E1C85F43406 /* [CP] Copy Pods Resources */,
			);
			buildRules = (
			);
			dependencies = (
			);
			name = social;
			productName = social;
			productReference = 21CFCB011F8A71200032E371 /* social.app */;
			productType = "com.apple.product-type.application";
		};
/* End PBXNativeTarget section */

/* Begin PBXProject section */
		21CFCAF91F8A71200032E371 /* Project object */ = {
			isa = PBXProject;
			attributes = {
				LastSwiftUpdateCheck = 0900;
				LastUpgradeCheck = 0900;
				ORGANIZATIONNAME = UTGARD.io;
				TargetAttributes = {
					21CFCB001F8A71200032E371 = {
						CreatedOnToolsVersion = 9.0;
						ProvisioningStyle = Automatic;
						SystemCapabilities = {
							com.apple.Keychain = {
								enabled = 1;
							};
						};
					};
				};
			};
			buildConfigurationList = 21CFCAFC1F8A71200032E371 /* Build configuration list for PBXProject "social" */;
			compatibilityVersion = "Xcode 8.0";
			developmentRegion = en;
			hasScannedForEncodings = 0;
			knownRegions = (
				en,
				Base,
			);
			mainGroup = 21CFCAF81F8A71200032E371;
			productRefGroup = 21CFCB021F8A71200032E371 /* Products */;
			projectDirPath = "";
			projectRoot = "";
			targets = (
				21CFCB001F8A71200032E371 /* social */,
			);
		};
/* End PBXProject section */

/* Begin PBXResourcesBuildPhase section */
		21CFCAFF1F8A71200032E371 /* Resources */ = {
			isa = PBXResourcesBuildPhase;
			buildActionMask = 2147483647;
			files = (
				21CFCB0F1F8A71200032E371 /* LaunchScreen.storyboard in Resources */,
				21CFCB0C1F8A71200032E371 /* Assets.xcassets in Resources */,
				21CFCB0A1F8A71200032E371 /* Main.storyboard in Resources */,
				18E90AB21FA340DF00AAECB4 /* GoogleService-Info.plist in Resources */,
			);
			runOnlyForDeploymentPostprocessing = 0;
		};
/* End PBXResourcesBuildPhase section */

/* Begin PBXShellScriptBuildPhase section */
		7EBC1A2FF1BE4E1C85F43406 /* [CP] Copy Pods Resources */ = {
			isa = PBXShellScriptBuildPhase;
			buildActionMask = 2147483647;
			files = (
			);
			inputPaths = (
			);
			name = "[CP] Copy Pods Resources";
			outputPaths = (
			);
			runOnlyForDeploymentPostprocessing = 0;
			shellPath = /bin/sh;
			shellScript = "\"${SRCROOT}/Pods/Target Support Files/Pods-social/Pods-social-resources.sh\"\n";
			showEnvVarsInLog = 0;
		};
		A01C93E864DFFF3BD6AA8E73 /* [CP] Embed Pods Frameworks */ = {
			isa = PBXShellScriptBuildPhase;
			buildActionMask = 2147483647;
			files = (
			);
			inputPaths = (
				"${SRCROOT}/Pods/Target Support Files/Pods-social/Pods-social-frameworks.sh",
				"${BUILT_PRODUCTS_DIR}/BoringSSL/openssl.framework",
				"${BUILT_PRODUCTS_DIR}/GTMSessionFetcher/GTMSessionFetcher.framework",
				"${BUILT_PRODUCTS_DIR}/GoogleToolboxForMac/GoogleToolboxForMac.framework",
				"${BUILT_PRODUCTS_DIR}/Protobuf/Protobuf.framework",
				"${BUILT_PRODUCTS_DIR}/SwiftKeychainWrapper/SwiftKeychainWrapper.framework",
				"${BUILT_PRODUCTS_DIR}/gRPC/GRPCClient.framework",
				"${BUILT_PRODUCTS_DIR}/gRPC-Core/grpc.framework",
				"${BUILT_PRODUCTS_DIR}/gRPC-ProtoRPC/ProtoRPC.framework",
				"${BUILT_PRODUCTS_DIR}/gRPC-RxLibrary/RxLibrary.framework",
				"${BUILT_PRODUCTS_DIR}/leveldb-library/leveldb.framework",
				"${BUILT_PRODUCTS_DIR}/nanopb/nanopb.framework",
			);
			name = "[CP] Embed Pods Frameworks";
			outputPaths = (
				"${TARGET_BUILD_DIR}/${FRAMEWORKS_FOLDER_PATH}/openssl.framework",
				"${TARGET_BUILD_DIR}/${FRAMEWORKS_FOLDER_PATH}/GTMSessionFetcher.framework",
				"${TARGET_BUILD_DIR}/${FRAMEWORKS_FOLDER_PATH}/GoogleToolboxForMac.framework",
				"${TARGET_BUILD_DIR}/${FRAMEWORKS_FOLDER_PATH}/Protobuf.framework",
				"${TARGET_BUILD_DIR}/${FRAMEWORKS_FOLDER_PATH}/SwiftKeychainWrapper.framework",
				"${TARGET_BUILD_DIR}/${FRAMEWORKS_FOLDER_PATH}/GRPCClient.framework",
				"${TARGET_BUILD_DIR}/${FRAMEWORKS_FOLDER_PATH}/grpc.framework",
				"${TARGET_BUILD_DIR}/${FRAMEWORKS_FOLDER_PATH}/ProtoRPC.framework",
				"${TARGET_BUILD_DIR}/${FRAMEWORKS_FOLDER_PATH}/RxLibrary.framework",
				"${TARGET_BUILD_DIR}/${FRAMEWORKS_FOLDER_PATH}/leveldb.framework",
				"${TARGET_BUILD_DIR}/${FRAMEWORKS_FOLDER_PATH}/nanopb.framework",
			);
			runOnlyForDeploymentPostprocessing = 0;
			shellPath = /bin/sh;
			shellScript = "\"${SRCROOT}/Pods/Target Support Files/Pods-social/Pods-social-frameworks.sh\"\n";
			showEnvVarsInLog = 0;
		};
		E7B0F261F5ECBC587BCB9EBB /* [CP] Check Pods Manifest.lock */ = {
			isa = PBXShellScriptBuildPhase;
			buildActionMask = 2147483647;
			files = (
			);
			inputPaths = (
				"${PODS_PODFILE_DIR_PATH}/Podfile.lock",
				"${PODS_ROOT}/Manifest.lock",
			);
			name = "[CP] Check Pods Manifest.lock";
			outputPaths = (
				"$(DERIVED_FILE_DIR)/Pods-social-checkManifestLockResult.txt",
			);
			runOnlyForDeploymentPostprocessing = 0;
			shellPath = /bin/sh;
			shellScript = "diff \"${PODS_PODFILE_DIR_PATH}/Podfile.lock\" \"${PODS_ROOT}/Manifest.lock\" > /dev/null\nif [ $? != 0 ] ; then\n    # print error to STDERR\n    echo \"error: The sandbox is not in sync with the Podfile.lock. Run 'pod install' or update your CocoaPods installation.\" >&2\n    exit 1\nfi\n# This output is used by Xcode 'outputs' to avoid re-running this script phase.\necho \"SUCCESS\" > \"${SCRIPT_OUTPUT_FILE_0}\"\n";
			showEnvVarsInLog = 0;
		};
/* End PBXShellScriptBuildPhase section */

/* Begin PBXSourcesBuildPhase section */
		21CFCAFD1F8A71200032E371 /* Sources */ = {
			isa = PBXSourcesBuildPhase;
			buildActionMask = 2147483647;
			files = (
				18029BF21FA74BD500BEB0BA /* CommentCell.swift in Sources */,
				18ED2CD91FA50A6A00FC6630 /* PostCell.swift in Sources */,
				189681151FA64D0A005801C4 /* ProfileVC.swift in Sources */,
				18C594031FA34ECC0036093C /* FancyField.swift in Sources */,
				183DCEF11FA4DDBF00402CBA /* FeedVC.swift in Sources */,
				183E50831FA668F0000C95D7 /* User.swift in Sources */,
				181BF6B41FA5414E001673DE /* DataService.swift in Sources */,
				183CCD781FA55A9900FD256F /* Post.swift in Sources */,
				18029BF01FA74A3E00BEB0BA /* Comment.swift in Sources */,
				21CFCB071F8A71200032E371 /* SignInVC.swift in Sources */,
				18C594011FA34D4D0036093C /* RoundBtn.swift in Sources */,
				183E50851FA66F47000C95D7 /* CommentVC.swift in Sources */,
				189681131FA629BD005801C4 /* Image.swift in Sources */,
				18C594081FA35B730036093C /* Functions.swift in Sources */,
				18C594051FA350130036093C /* FancyButton.swift in Sources */,
				183DCEF51FA4F35000402CBA /* CircleView.swift in Sources */,
				21CFCB051F8A71200032E371 /* AppDelegate.swift in Sources */,
				18C593FC1FA349F80036093C /* FancyView.swift in Sources */,
				18C593FF1FA34AB80036093C /* Constants.swift in Sources */,
			);
			runOnlyForDeploymentPostprocessing = 0;
		};
/* End PBXSourcesBuildPhase section */

/* Begin PBXVariantGroup section */
		21CFCB081F8A71200032E371 /* Main.storyboard */ = {
			isa = PBXVariantGroup;
			children = (
				21CFCB091F8A71200032E371 /* Base */,
			);
			name = Main.storyboard;
			sourceTree = "<group>";
		};
		21CFCB0D1F8A71200032E371 /* LaunchScreen.storyboard */ = {
			isa = PBXVariantGroup;
			children = (
				21CFCB0E1F8A71200032E371 /* Base */,
			);
			name = LaunchScreen.storyboard;
			sourceTree = "<group>";
		};
/* End PBXVariantGroup section */

/* Begin XCBuildConfiguration section */
		21CFCB111F8A71200032E371 /* Debug */ = {
			isa = XCBuildConfiguration;
			buildSettings = {
				ALWAYS_SEARCH_USER_PATHS = NO;
				CLANG_ANALYZER_NONNULL = YES;
				CLANG_ANALYZER_NUMBER_OBJECT_CONVERSION = YES_AGGRESSIVE;
				CLANG_CXX_LANGUAGE_STANDARD = "gnu++14";
				CLANG_CXX_LIBRARY = "libc++";
				CLANG_ENABLE_MODULES = YES;
				CLANG_ENABLE_OBJC_ARC = YES;
				CLANG_WARN_BLOCK_CAPTURE_AUTORELEASING = YES;
				CLANG_WARN_BOOL_CONVERSION = YES;
				CLANG_WARN_COMMA = YES;
				CLANG_WARN_CONSTANT_CONVERSION = YES;
				CLANG_WARN_DIRECT_OBJC_ISA_USAGE = YES_ERROR;
				CLANG_WARN_DOCUMENTATION_COMMENTS = YES;
				CLANG_WARN_EMPTY_BODY = YES;
				CLANG_WARN_ENUM_CONVERSION = YES;
				CLANG_WARN_INFINITE_RECURSION = YES;
				CLANG_WARN_INT_CONVERSION = YES;
				CLANG_WARN_NON_LITERAL_NULL_CONVERSION = YES;
				CLANG_WARN_OBJC_LITERAL_CONVERSION = YES;
				CLANG_WARN_OBJC_ROOT_CLASS = YES_ERROR;
				CLANG_WARN_RANGE_LOOP_ANALYSIS = YES;
				CLANG_WARN_STRICT_PROTOTYPES = YES;
				CLANG_WARN_SUSPICIOUS_MOVE = YES;
				CLANG_WARN_UNGUARDED_AVAILABILITY = YES_AGGRESSIVE;
				CLANG_WARN_UNREACHABLE_CODE = YES;
				CLANG_WARN__DUPLICATE_METHOD_MATCH = YES;
				CODE_SIGN_IDENTITY = "iPhone Developer";
				COPY_PHASE_STRIP = NO;
				DEBUG_INFORMATION_FORMAT = dwarf;
				ENABLE_STRICT_OBJC_MSGSEND = YES;
				ENABLE_TESTABILITY = YES;
				GCC_C_LANGUAGE_STANDARD = gnu11;
				GCC_DYNAMIC_NO_PIC = NO;
				GCC_NO_COMMON_BLOCKS = YES;
				GCC_OPTIMIZATION_LEVEL = 0;
				GCC_PREPROCESSOR_DEFINITIONS = (
					"DEBUG=1",
					"$(inherited)",
				);
				GCC_WARN_64_TO_32_BIT_CONVERSION = YES;
				GCC_WARN_ABOUT_RETURN_TYPE = YES_ERROR;
				GCC_WARN_UNDECLARED_SELECTOR = YES;
				GCC_WARN_UNINITIALIZED_AUTOS = YES_AGGRESSIVE;
				GCC_WARN_UNUSED_FUNCTION = YES;
				GCC_WARN_UNUSED_VARIABLE = YES;
				IPHONEOS_DEPLOYMENT_TARGET = 11.0;
				MTL_ENABLE_DEBUG_INFO = YES;
				ONLY_ACTIVE_ARCH = YES;
				SDKROOT = iphoneos;
				SWIFT_ACTIVE_COMPILATION_CONDITIONS = DEBUG;
				SWIFT_OPTIMIZATION_LEVEL = "-Onone";
			};
			name = Debug;
		};
		21CFCB121F8A71200032E371 /* Release */ = {
			isa = XCBuildConfiguration;
			buildSettings = {
				ALWAYS_SEARCH_USER_PATHS = NO;
				CLANG_ANALYZER_NONNULL = YES;
				CLANG_ANALYZER_NUMBER_OBJECT_CONVERSION = YES_AGGRESSIVE;
				CLANG_CXX_LANGUAGE_STANDARD = "gnu++14";
				CLANG_CXX_LIBRARY = "libc++";
				CLANG_ENABLE_MODULES = YES;
				CLANG_ENABLE_OBJC_ARC = YES;
				CLANG_WARN_BLOCK_CAPTURE_AUTORELEASING = YES;
				CLANG_WARN_BOOL_CONVERSION = YES;
				CLANG_WARN_COMMA = YES;
				CLANG_WARN_CONSTANT_CONVERSION = YES;
				CLANG_WARN_DIRECT_OBJC_ISA_USAGE = YES_ERROR;
				CLANG_WARN_DOCUMENTATION_COMMENTS = YES;
				CLANG_WARN_EMPTY_BODY = YES;
				CLANG_WARN_ENUM_CONVERSION = YES;
				CLANG_WARN_INFINITE_RECURSION = YES;
				CLANG_WARN_INT_CONVERSION = YES;
				CLANG_WARN_NON_LITERAL_NULL_CONVERSION = YES;
				CLANG_WARN_OBJC_LITERAL_CONVERSION = YES;
				CLANG_WARN_OBJC_ROOT_CLASS = YES_ERROR;
				CLANG_WARN_RANGE_LOOP_ANALYSIS = YES;
				CLANG_WARN_STRICT_PROTOTYPES = YES;
				CLANG_WARN_SUSPICIOUS_MOVE = YES;
				CLANG_WARN_UNGUARDED_AVAILABILITY = YES_AGGRESSIVE;
				CLANG_WARN_UNREACHABLE_CODE = YES;
				CLANG_WARN__DUPLICATE_METHOD_MATCH = YES;
				CODE_SIGN_IDENTITY = "iPhone Developer";
				COPY_PHASE_STRIP = NO;
				DEBUG_INFORMATION_FORMAT = "dwarf-with-dsym";
				ENABLE_NS_ASSERTIONS = NO;
				ENABLE_STRICT_OBJC_MSGSEND = YES;
				GCC_C_LANGUAGE_STANDARD = gnu11;
				GCC_NO_COMMON_BLOCKS = YES;
				GCC_WARN_64_TO_32_BIT_CONVERSION = YES;
				GCC_WARN_ABOUT_RETURN_TYPE = YES_ERROR;
				GCC_WARN_UNDECLARED_SELECTOR = YES;
				GCC_WARN_UNINITIALIZED_AUTOS = YES_AGGRESSIVE;
				GCC_WARN_UNUSED_FUNCTION = YES;
				GCC_WARN_UNUSED_VARIABLE = YES;
				IPHONEOS_DEPLOYMENT_TARGET = 11.0;
				MTL_ENABLE_DEBUG_INFO = NO;
				SDKROOT = iphoneos;
				SWIFT_OPTIMIZATION_LEVEL = "-Owholemodule";
				VALIDATE_PRODUCT = YES;
			};
			name = Release;
		};
		21CFCB141F8A71200032E371 /* Debug */ = {
			isa = XCBuildConfiguration;
			baseConfigurationReference = 3B4D9D898A7C2A52E578227F /* Pods-social.debug.xcconfig */;
			buildSettings = {
				ASSETCATALOG_COMPILER_APPICON_NAME = AppIcon;
				CODE_SIGN_ENTITLEMENTS = social/social.entitlements;
				"CODE_SIGN_IDENTITY[sdk=iphoneos*]" = "iPhone Developer";
				CODE_SIGN_STYLE = Automatic;
				DEVELOPMENT_TEAM = EJ6H8A4SW9;
				INFOPLIST_FILE = social/Info.plist;
				LD_RUNPATH_SEARCH_PATHS = "$(inherited) @executable_path/Frameworks";
				PRODUCT_BUNDLE_IDENTIFIER = com.utgard.social;
				PRODUCT_NAME = "$(TARGET_NAME)";
				PROVISIONING_PROFILE_SPECIFIER = "";
				SWIFT_VERSION = 4.0;
				TARGETED_DEVICE_FAMILY = "1,2";
			};
			name = Debug;
		};
		21CFCB151F8A71200032E371 /* Release */ = {
			isa = XCBuildConfiguration;
			baseConfigurationReference = AEAA33B15BC56B44DDFBB6A7 /* Pods-social.release.xcconfig */;
			buildSettings = {
				ASSETCATALOG_COMPILER_APPICON_NAME = AppIcon;
				CODE_SIGN_ENTITLEMENTS = social/social.entitlements;
				"CODE_SIGN_IDENTITY[sdk=iphoneos*]" = "iPhone Developer";
				CODE_SIGN_STYLE = Automatic;
				DEVELOPMENT_TEAM = EJ6H8A4SW9;
				INFOPLIST_FILE = social/Info.plist;
				LD_RUNPATH_SEARCH_PATHS = "$(inherited) @executable_path/Frameworks";
				PRODUCT_BUNDLE_IDENTIFIER = com.utgard.social;
				PRODUCT_NAME = "$(TARGET_NAME)";
				PROVISIONING_PROFILE_SPECIFIER = "";
				SWIFT_VERSION = 4.0;
				TARGETED_DEVICE_FAMILY = "1,2";
			};
			name = Release;
		};
/* End XCBuildConfiguration section */

/* Begin XCConfigurationList section */
		21CFCAFC1F8A71200032E371 /* Build configuration list for PBXProject "social" */ = {
			isa = XCConfigurationList;
			buildConfigurations = (
				21CFCB111F8A71200032E371 /* Debug */,
				21CFCB121F8A71200032E371 /* Release */,
			);
			defaultConfigurationIsVisible = 0;
			defaultConfigurationName = Release;
		};
		21CFCB131F8A71200032E371 /* Build configuration list for PBXNativeTarget "social" */ = {
			isa = XCConfigurationList;
			buildConfigurations = (
				21CFCB141F8A71200032E371 /* Debug */,
				21CFCB151F8A71200032E371 /* Release */,
			);
			defaultConfigurationIsVisible = 0;
			defaultConfigurationName = Release;
		};
/* End XCConfigurationList section */
	};
	rootObject = 21CFCAF91F8A71200032E371 /* Project object */;
}
